// !$*UTF8*$!
{
	archiveVersion = 1;
	classes = {
	};
	objectVersion = 46;
	objects = {

/* Begin PBXBuildFile section */
		2A6B2B7C15DD4EC7007E71BA /* Foundation.framework in Frameworks */ = {isa = PBXBuildFile; fileRef = 2A6B2B7B15DD4EC7007E71BA /* Foundation.framework */; };
		2A6B2B7F15DD4EC7007E71BA /* main.cpp in Sources */ = {isa = PBXBuildFile; fileRef = 2A6B2B7E15DD4EC7007E71BA /* main.cpp */; };
		2A6B2B8115DD4EC7007E71BA /* ResourcePath.mm in Sources */ = {isa = PBXBuildFile; fileRef = 2A6B2B8015DD4EC7007E71BA /* ResourcePath.mm */; };
		2A6B2B8515DD4EC7007E71BA /* sansation.ttf in Resources */ = {isa = PBXBuildFile; fileRef = 2A6B2B8415DD4EC7007E71BA /* sansation.ttf */; };
		2A6B2B8715DD4EC7007E71BA /* cute_image.jpg in Resources */ = {isa = PBXBuildFile; fileRef = 2A6B2B8615DD4EC7007E71BA /* cute_image.jpg */; };
		2A6B2B8915DD4EC7007E71BA /* nice_music.ogg in Resources */ = {isa = PBXBuildFile; fileRef = 2A6B2B8815DD4EC7007E71BA /* nice_music.ogg */; };
		2A6B2B8E15DD4EC7007E71BA /* InfoPlist.strings in Resources */ = {isa = PBXBuildFile; fileRef = 2A6B2B8C15DD4EC7007E71BA /* InfoPlist.strings */; };
		2AD3C10815DD543D00E92E45 /* Curve3d.cpp in Sources */ = {isa = PBXBuildFile; fileRef = 2AD3C0C215DD543D00E92E45 /* Curve3d.cpp */; };
		2AD3C10915DD543D00E92E45 /* Cylinder.cpp in Sources */ = {isa = PBXBuildFile; fileRef = 2AD3C0C315DD543D00E92E45 /* Cylinder.cpp */; };
		2AD3C10A15DD543D00E92E45 /* ExtrudeObj.cpp in Sources */ = {isa = PBXBuildFile; fileRef = 2AD3C0C415DD543D00E92E45 /* ExtrudeObj.cpp */; };
		2AD3C10B15DD543D00E92E45 /* Geom3d.cpp in Sources */ = {isa = PBXBuildFile; fileRef = 2AD3C0C515DD543D00E92E45 /* Geom3d.cpp */; };
		2AD3C10C15DD543D00E92E45 /* Point2d.cpp in Sources */ = {isa = PBXBuildFile; fileRef = 2AD3C0C615DD543D00E92E45 /* Point2d.cpp */; };
		2AD3C10D15DD543D00E92E45 /* Point3d.cpp in Sources */ = {isa = PBXBuildFile; fileRef = 2AD3C0C715DD543D00E92E45 /* Point3d.cpp */; };
		2AD3C10E15DD543D00E92E45 /* Rect2d.cpp in Sources */ = {isa = PBXBuildFile; fileRef = 2AD3C0C815DD543D00E92E45 /* Rect2d.cpp */; };
		2AD3C11015DD543D00E92E45 /* Spline3d.cpp in Sources */ = {isa = PBXBuildFile; fileRef = 2AD3C0CA15DD543D00E92E45 /* Spline3d.cpp */; };
		2AD3C11215DD543D00E92E45 /* Toroid.cpp in Sources */ = {isa = PBXBuildFile; fileRef = 2AD3C0CC15DD543D00E92E45 /* Toroid.cpp */; };
		2AD3C11315DD543D00E92E45 /* TriFace3d.cpp in Sources */ = {isa = PBXBuildFile; fileRef = 2AD3C0CD15DD543D00E92E45 /* TriFace3d.cpp */; };
		2AD3C11515DD543D00E92E45 /* Matrix4d.cpp in Sources */ = {isa = PBXBuildFile; fileRef = 2AD3C0DC15DD543D00E92E45 /* Matrix4d.cpp */; };
		2AD3C11615DD543D00E92E45 /* Vector3df.cpp in Sources */ = {isa = PBXBuildFile; fileRef = 2AD3C0DD15DD543D00E92E45 /* Vector3df.cpp */; };
		2AD3C11715DD543D00E92E45 /* Vector4df.cpp in Sources */ = {isa = PBXBuildFile; fileRef = 2AD3C0DE15DD543D00E92E45 /* Vector4df.cpp */; };
		2AD3C11B15DD543D00E92E45 /* Emitter.cpp in Sources */ = {isa = PBXBuildFile; fileRef = 2AD3C0F115DD543D00E92E45 /* Emitter.cpp */; };
		2AD3C11C15DD543D00E92E45 /* Particle.cpp in Sources */ = {isa = PBXBuildFile; fileRef = 2AD3C0F215DD543D00E92E45 /* Particle.cpp */; };
		2AD3C11D15DD543D00E92E45 /* VerletBall.cpp in Sources */ = {isa = PBXBuildFile; fileRef = 2AD3C0F315DD543D00E92E45 /* VerletBall.cpp */; };
		2AD3C11E15DD543D00E92E45 /* VerletChain.cpp in Sources */ = {isa = PBXBuildFile; fileRef = 2AD3C0F415DD543D00E92E45 /* VerletChain.cpp */; };
		2AD3C11F15DD543D00E92E45 /* VerletStick.cpp in Sources */ = {isa = PBXBuildFile; fileRef = 2AD3C0F515DD543D00E92E45 /* VerletStick.cpp */; };
		2AD3C12015DD543D00E92E45 /* VerletSurface.cpp in Sources */ = {isa = PBXBuildFile; fileRef = 2AD3C0F615DD543D00E92E45 /* VerletSurface.cpp */; };
		2AD3C12315DD543D00E92E45 /* Dimension3d.cpp in Sources */ = {isa = PBXBuildFile; fileRef = 2AD3C10315DD543D00E92E45 /* Dimension3d.cpp */; };
		2AD3C12415DD543D00E92E45 /* ProtoUtils.cpp in Sources */ = {isa = PBXBuildFile; fileRef = 2AD3C10415DD543D00E92E45 /* ProtoUtils.cpp */; };
		2AD3C12515DD543D00E92E45 /* Tuple2d.cpp in Sources */ = {isa = PBXBuildFile; fileRef = 2AD3C10515DD543D00E92E45 /* Tuple2d.cpp */; };
		2AD3C12615DD543D00E92E45 /* Tuple2df.cpp in Sources */ = {isa = PBXBuildFile; fileRef = 2AD3C10615DD543D00E92E45 /* Tuple2df.cpp */; };
		2AD3C12715DD543D00E92E45 /* Tuple3d.cpp in Sources */ = {isa = PBXBuildFile; fileRef = 2AD3C10715DD543D00E92E45 /* Tuple3d.cpp */; };
		9F874FE515DDD4C800823D77 /* OpenGL.framework in Frameworks */ = {isa = PBXBuildFile; fileRef = 9F874FE415DDD4C800823D77 /* OpenGL.framework */; };
		9F874FE815DDD4CE00823D77 /* GLUT.framework in Frameworks */ = {isa = PBXBuildFile; fileRef = 9F874FE715DDD4CE00823D77 /* GLUT.framework */; };
/* End PBXBuildFile section */

/* Begin PBXFileReference section */
		2A6B2B7715DD4EC7007E71BA /* Protobyte001.app */ = {isa = PBXFileReference; explicitFileType = wrapper.application; includeInIndex = 0; path = Protobyte001.app; sourceTree = BUILT_PRODUCTS_DIR; };
		2A6B2B7B15DD4EC7007E71BA /* Foundation.framework */ = {isa = PBXFileReference; lastKnownFileType = wrapper.framework; name = Foundation.framework; path = System/Library/Frameworks/Foundation.framework; sourceTree = SDKROOT; };
		2A6B2B7E15DD4EC7007E71BA /* main.cpp */ = {isa = PBXFileReference; lastKnownFileType = sourcecode.cpp.cpp; path = main.cpp; sourceTree = "<group>"; };
		2A6B2B8015DD4EC7007E71BA /* ResourcePath.mm */ = {isa = PBXFileReference; lastKnownFileType = sourcecode.cpp.objcpp; path = ResourcePath.mm; sourceTree = "<group>"; };
		2A6B2B8215DD4EC7007E71BA /* ResourcePath.hpp */ = {isa = PBXFileReference; lastKnownFileType = sourcecode.cpp.h; path = ResourcePath.hpp; sourceTree = "<group>"; };
		2A6B2B8415DD4EC7007E71BA /* sansation.ttf */ = {isa = PBXFileReference; lastKnownFileType = file; path = sansation.ttf; sourceTree = "<group>"; };
		2A6B2B8615DD4EC7007E71BA /* cute_image.jpg */ = {isa = PBXFileReference; lastKnownFileType = image.jpeg; path = cute_image.jpg; sourceTree = "<group>"; };
		2A6B2B8815DD4EC7007E71BA /* nice_music.ogg */ = {isa = PBXFileReference; lastKnownFileType = file; path = nice_music.ogg; sourceTree = "<group>"; };
		2A6B2B8B15DD4EC7007E71BA /* Protobyte001-Info.plist */ = {isa = PBXFileReference; lastKnownFileType = text.plist.xml; path = "Protobyte001-Info.plist"; sourceTree = "<group>"; };
		2A6B2B8D15DD4EC7007E71BA /* en */ = {isa = PBXFileReference; lastKnownFileType = text.plist.strings; name = en; path = en.lproj/InfoPlist.strings; sourceTree = "<group>"; };
		2AD3C0B515DD543D00E92E45 /* Curve3d.h */ = {isa = PBXFileReference; fileEncoding = 4; lastKnownFileType = sourcecode.c.h; path = Curve3d.h; sourceTree = "<group>"; };
		2AD3C0B615DD543D00E92E45 /* Cylinder.h */ = {isa = PBXFileReference; fileEncoding = 4; lastKnownFileType = sourcecode.c.h; path = Cylinder.h; sourceTree = "<group>"; };
		2AD3C0B715DD543D00E92E45 /* ExtrudeObj.h */ = {isa = PBXFileReference; fileEncoding = 4; lastKnownFileType = sourcecode.c.h; path = ExtrudeObj.h; sourceTree = "<group>"; };
		2AD3C0B815DD543D00E92E45 /* Geom3d.h */ = {isa = PBXFileReference; fileEncoding = 4; lastKnownFileType = sourcecode.c.h; path = Geom3d.h; sourceTree = "<group>"; };
		2AD3C0B915DD543D00E92E45 /* Point2d.h */ = {isa = PBXFileReference; fileEncoding = 4; lastKnownFileType = sourcecode.c.h; path = Point2d.h; sourceTree = "<group>"; };
		2AD3C0BA15DD543D00E92E45 /* Point3d.h */ = {isa = PBXFileReference; fileEncoding = 4; lastKnownFileType = sourcecode.c.h; path = Point3d.h; sourceTree = "<group>"; };
		2AD3C0BB15DD543D00E92E45 /* Rect2d.h */ = {isa = PBXFileReference; fileEncoding = 4; lastKnownFileType = sourcecode.c.h; path = Rect2d.h; sourceTree = "<group>"; };
		2AD3C0BD15DD543D00E92E45 /* Spline3d.h */ = {isa = PBXFileReference; fileEncoding = 4; lastKnownFileType = sourcecode.c.h; path = Spline3d.h; sourceTree = "<group>"; };
		2AD3C0BF15DD543D00E92E45 /* Toroid.h */ = {isa = PBXFileReference; fileEncoding = 4; lastKnownFileType = sourcecode.c.h; path = Toroid.h; sourceTree = "<group>"; };
		2AD3C0C015DD543D00E92E45 /* TriFace3d.h */ = {isa = PBXFileReference; fileEncoding = 4; lastKnownFileType = sourcecode.c.h; path = TriFace3d.h; sourceTree = "<group>"; };
		2AD3C0C215DD543D00E92E45 /* Curve3d.cpp */ = {isa = PBXFileReference; fileEncoding = 4; lastKnownFileType = sourcecode.cpp.cpp; path = Curve3d.cpp; sourceTree = "<group>"; };
		2AD3C0C315DD543D00E92E45 /* Cylinder.cpp */ = {isa = PBXFileReference; fileEncoding = 4; lastKnownFileType = sourcecode.cpp.cpp; path = Cylinder.cpp; sourceTree = "<group>"; };
		2AD3C0C415DD543D00E92E45 /* ExtrudeObj.cpp */ = {isa = PBXFileReference; fileEncoding = 4; lastKnownFileType = sourcecode.cpp.cpp; path = ExtrudeObj.cpp; sourceTree = "<group>"; };
		2AD3C0C515DD543D00E92E45 /* Geom3d.cpp */ = {isa = PBXFileReference; fileEncoding = 4; lastKnownFileType = sourcecode.cpp.cpp; path = Geom3d.cpp; sourceTree = "<group>"; };
		2AD3C0C615DD543D00E92E45 /* Point2d.cpp */ = {isa = PBXFileReference; fileEncoding = 4; lastKnownFileType = sourcecode.cpp.cpp; path = Point2d.cpp; sourceTree = "<group>"; };
		2AD3C0C715DD543D00E92E45 /* Point3d.cpp */ = {isa = PBXFileReference; fileEncoding = 4; lastKnownFileType = sourcecode.cpp.cpp; path = Point3d.cpp; sourceTree = "<group>"; };
		2AD3C0C815DD543D00E92E45 /* Rect2d.cpp */ = {isa = PBXFileReference; fileEncoding = 4; lastKnownFileType = sourcecode.cpp.cpp; path = Rect2d.cpp; sourceTree = "<group>"; };
		2AD3C0CA15DD543D00E92E45 /* Spline3d.cpp */ = {isa = PBXFileReference; fileEncoding = 4; lastKnownFileType = sourcecode.cpp.cpp; path = Spline3d.cpp; sourceTree = "<group>"; };
		2AD3C0CC15DD543D00E92E45 /* Toroid.cpp */ = {isa = PBXFileReference; fileEncoding = 4; lastKnownFileType = sourcecode.cpp.cpp; path = Toroid.cpp; sourceTree = "<group>"; };
		2AD3C0CD15DD543D00E92E45 /* TriFace3d.cpp */ = {isa = PBXFileReference; fileEncoding = 4; lastKnownFileType = sourcecode.cpp.cpp; path = TriFace3d.cpp; sourceTree = "<group>"; };
		2AD3C0D815DD543D00E92E45 /* Matrix4d.h */ = {isa = PBXFileReference; fileEncoding = 4; lastKnownFileType = sourcecode.c.h; path = Matrix4d.h; sourceTree = "<group>"; };
		2AD3C0D915DD543D00E92E45 /* Vector3df.h */ = {isa = PBXFileReference; fileEncoding = 4; lastKnownFileType = sourcecode.c.h; path = Vector3df.h; sourceTree = "<group>"; };
		2AD3C0DA15DD543D00E92E45 /* Vector4df.h */ = {isa = PBXFileReference; fileEncoding = 4; lastKnownFileType = sourcecode.c.h; path = Vector4df.h; sourceTree = "<group>"; };
		2AD3C0DC15DD543D00E92E45 /* Matrix4d.cpp */ = {isa = PBXFileReference; fileEncoding = 4; lastKnownFileType = sourcecode.cpp.cpp; path = Matrix4d.cpp; sourceTree = "<group>"; };
		2AD3C0DD15DD543D00E92E45 /* Vector3df.cpp */ = {isa = PBXFileReference; fileEncoding = 4; lastKnownFileType = sourcecode.cpp.cpp; path = Vector3df.cpp; sourceTree = "<group>"; };
		2AD3C0DE15DD543D00E92E45 /* Vector4df.cpp */ = {isa = PBXFileReference; fileEncoding = 4; lastKnownFileType = sourcecode.cpp.cpp; path = Vector4df.cpp; sourceTree = "<group>"; };
		2AD3C0EA15DD543D00E92E45 /* Emitter.h */ = {isa = PBXFileReference; fileEncoding = 4; lastKnownFileType = sourcecode.c.h; path = Emitter.h; sourceTree = "<group>"; };
		2AD3C0EB15DD543D00E92E45 /* Particle.h */ = {isa = PBXFileReference; fileEncoding = 4; lastKnownFileType = sourcecode.c.h; path = Particle.h; sourceTree = "<group>"; };
		2AD3C0EC15DD543D00E92E45 /* VerletBall.h */ = {isa = PBXFileReference; fileEncoding = 4; lastKnownFileType = sourcecode.c.h; path = VerletBall.h; sourceTree = "<group>"; };
		2AD3C0ED15DD543D00E92E45 /* VerletChain.h */ = {isa = PBXFileReference; fileEncoding = 4; lastKnownFileType = sourcecode.c.h; path = VerletChain.h; sourceTree = "<group>"; };
		2AD3C0EE15DD543D00E92E45 /* VerletStick.h */ = {isa = PBXFileReference; fileEncoding = 4; lastKnownFileType = sourcecode.c.h; path = VerletStick.h; sourceTree = "<group>"; };
		2AD3C0EF15DD543D00E92E45 /* VerletSurface.h */ = {isa = PBXFileReference; fileEncoding = 4; lastKnownFileType = sourcecode.c.h; path = VerletSurface.h; sourceTree = "<group>"; };
		2AD3C0F115DD543D00E92E45 /* Emitter.cpp */ = {isa = PBXFileReference; fileEncoding = 4; lastKnownFileType = sourcecode.cpp.cpp; path = Emitter.cpp; sourceTree = "<group>"; };
		2AD3C0F215DD543D00E92E45 /* Particle.cpp */ = {isa = PBXFileReference; fileEncoding = 4; lastKnownFileType = sourcecode.cpp.cpp; path = Particle.cpp; sourceTree = "<group>"; };
		2AD3C0F315DD543D00E92E45 /* VerletBall.cpp */ = {isa = PBXFileReference; fileEncoding = 4; lastKnownFileType = sourcecode.cpp.cpp; path = VerletBall.cpp; sourceTree = "<group>"; };
		2AD3C0F415DD543D00E92E45 /* VerletChain.cpp */ = {isa = PBXFileReference; fileEncoding = 4; lastKnownFileType = sourcecode.cpp.cpp; path = VerletChain.cpp; sourceTree = "<group>"; };
		2AD3C0F515DD543D00E92E45 /* VerletStick.cpp */ = {isa = PBXFileReference; fileEncoding = 4; lastKnownFileType = sourcecode.cpp.cpp; path = VerletStick.cpp; sourceTree = "<group>"; };
		2AD3C0F615DD543D00E92E45 /* VerletSurface.cpp */ = {isa = PBXFileReference; fileEncoding = 4; lastKnownFileType = sourcecode.cpp.cpp; path = VerletSurface.cpp; sourceTree = "<group>"; };
		2AD3C0FC15DD543D00E92E45 /* Dimension3d.h */ = {isa = PBXFileReference; fileEncoding = 4; lastKnownFileType = sourcecode.c.h; path = Dimension3d.h; sourceTree = "<group>"; };
		2AD3C0FD15DD543D00E92E45 /* ProtoSetup.h */ = {isa = PBXFileReference; fileEncoding = 4; lastKnownFileType = sourcecode.c.h; path = ProtoSetup.h; sourceTree = "<group>"; };
		2AD3C0FE15DD543D00E92E45 /* ProtoUtils.h */ = {isa = PBXFileReference; fileEncoding = 4; lastKnownFileType = sourcecode.c.h; path = ProtoUtils.h; sourceTree = "<group>"; };
		2AD3C0FF15DD543D00E92E45 /* Tuple2d.h */ = {isa = PBXFileReference; fileEncoding = 4; lastKnownFileType = sourcecode.c.h; path = Tuple2d.h; sourceTree = "<group>"; };
		2AD3C10015DD543D00E92E45 /* Tuple2df.h */ = {isa = PBXFileReference; fileEncoding = 4; lastKnownFileType = sourcecode.c.h; path = Tuple2df.h; sourceTree = "<group>"; };
		2AD3C10115DD543D00E92E45 /* Tuple3d.h */ = {isa = PBXFileReference; fileEncoding = 4; lastKnownFileType = sourcecode.c.h; path = Tuple3d.h; sourceTree = "<group>"; };
		2AD3C10315DD543D00E92E45 /* Dimension3d.cpp */ = {isa = PBXFileReference; fileEncoding = 4; lastKnownFileType = sourcecode.cpp.cpp; path = Dimension3d.cpp; sourceTree = "<group>"; };
		2AD3C10415DD543D00E92E45 /* ProtoUtils.cpp */ = {isa = PBXFileReference; fileEncoding = 4; lastKnownFileType = sourcecode.cpp.cpp; path = ProtoUtils.cpp; sourceTree = "<group>"; };
		2AD3C10515DD543D00E92E45 /* Tuple2d.cpp */ = {isa = PBXFileReference; fileEncoding = 4; lastKnownFileType = sourcecode.cpp.cpp; path = Tuple2d.cpp; sourceTree = "<group>"; };
		2AD3C10615DD543D00E92E45 /* Tuple2df.cpp */ = {isa = PBXFileReference; fileEncoding = 4; lastKnownFileType = sourcecode.cpp.cpp; path = Tuple2df.cpp; sourceTree = "<group>"; };
		2AD3C10715DD543D00E92E45 /* Tuple3d.cpp */ = {isa = PBXFileReference; fileEncoding = 4; lastKnownFileType = sourcecode.cpp.cpp; path = Tuple3d.cpp; sourceTree = "<group>"; };
		9F874FE415DDD4C800823D77 /* OpenGL.framework */ = {isa = PBXFileReference; lastKnownFileType = wrapper.framework; name = OpenGL.framework; path = System/Library/Frameworks/OpenGL.framework; sourceTree = SDKROOT; };
		9F874FE715DDD4CE00823D77 /* GLUT.framework */ = {isa = PBXFileReference; lastKnownFileType = wrapper.framework; name = GLUT.framework; path = System/Library/Frameworks/GLUT.framework; sourceTree = SDKROOT; };
/* End PBXFileReference section */

/* Begin PBXFrameworksBuildPhase section */
		2A6B2B7415DD4EC7007E71BA /* Frameworks */ = {
			isa = PBXFrameworksBuildPhase;
			buildActionMask = 2147483647;
			files = (
				9F874FE815DDD4CE00823D77 /* GLUT.framework in Frameworks */,
				9F874FE515DDD4C800823D77 /* OpenGL.framework in Frameworks */,
				2A6B2B7C15DD4EC7007E71BA /* Foundation.framework in Frameworks */,
			);
			runOnlyForDeploymentPostprocessing = 0;
		};
/* End PBXFrameworksBuildPhase section */

/* Begin PBXGroup section */
		2A6B2B6B15DD4EC7007E71BA = {
			isa = PBXGroup;
			children = (
				9F874FE715DDD4CE00823D77 /* GLUT.framework */,
				9F874FE415DDD4C800823D77 /* OpenGL.framework */,
				2A6B2B7D15DD4EC7007E71BA /* Protobyte001 */,
				2A6B2B7A15DD4EC7007E71BA /* Frameworks */,
				2A6B2B7815DD4EC7007E71BA /* Products */,
			);
			sourceTree = "<group>";
		};
		2A6B2B7815DD4EC7007E71BA /* Products */ = {
			isa = PBXGroup;
			children = (
				2A6B2B7715DD4EC7007E71BA /* Protobyte001.app */,
			);
			name = Products;
			sourceTree = "<group>";
		};
		2A6B2B7A15DD4EC7007E71BA /* Frameworks */ = {
			isa = PBXGroup;
			children = (
				2A6B2B7B15DD4EC7007E71BA /* Foundation.framework */,
			);
			name = Frameworks;
			sourceTree = "<group>";
		};
		2A6B2B7D15DD4EC7007E71BA /* Protobyte001 */ = {
			isa = PBXGroup;
			children = (
				2AD3C0B315DD543D00E92E45 /* geom */,
				2AD3C0CE15DD543D00E92E45 /* image */,
				2AD3C0D115DD543D00E92E45 /* io */,
				2AD3C0D615DD543D00E92E45 /* math */,
				2AD3C0DF15DD543D00E92E45 /* net */,
				2AD3C0E815DD543D00E92E45 /* physics */,
				2AD3C0FA15DD543D00E92E45 /* utils */,
				2A6B2B7E15DD4EC7007E71BA /* main.cpp */,
				2A6B2B8015DD4EC7007E71BA /* ResourcePath.mm */,
				2A6B2B8215DD4EC7007E71BA /* ResourcePath.hpp */,
				2A6B2B8315DD4EC7007E71BA /* Resources */,
				2A6B2B8A15DD4EC7007E71BA /* Supporting Files */,
			);
			path = Protobyte001;
			sourceTree = "<group>";
		};
		2A6B2B8315DD4EC7007E71BA /* Resources */ = {
			isa = PBXGroup;
			children = (
				2A6B2B8415DD4EC7007E71BA /* sansation.ttf */,
				2A6B2B8615DD4EC7007E71BA /* cute_image.jpg */,
				2A6B2B8815DD4EC7007E71BA /* nice_music.ogg */,
			);
			name = Resources;
			sourceTree = "<group>";
		};
		2A6B2B8A15DD4EC7007E71BA /* Supporting Files */ = {
			isa = PBXGroup;
			children = (
				2A6B2B8B15DD4EC7007E71BA /* Protobyte001-Info.plist */,
				2A6B2B8C15DD4EC7007E71BA /* InfoPlist.strings */,
			);
			name = "Supporting Files";
			sourceTree = "<group>";
		};
		2AD3C0B315DD543D00E92E45 /* geom */ = {
			isa = PBXGroup;
			children = (
				2AD3C0B415DD543D00E92E45 /* headers */,
				2AD3C0C115DD543D00E92E45 /* src */,
			);
			path = geom;
			sourceTree = "<group>";
		};
		2AD3C0B415DD543D00E92E45 /* headers */ = {
			isa = PBXGroup;
			children = (
				2AD3C0B515DD543D00E92E45 /* Curve3d.h */,
				2AD3C0B615DD543D00E92E45 /* Cylinder.h */,
				2AD3C0B715DD543D00E92E45 /* ExtrudeObj.h */,
				2AD3C0B815DD543D00E92E45 /* Geom3d.h */,
				2AD3C0B915DD543D00E92E45 /* Point2d.h */,
				2AD3C0BA15DD543D00E92E45 /* Point3d.h */,
				2AD3C0BB15DD543D00E92E45 /* Rect2d.h */,
				2AD3C0BD15DD543D00E92E45 /* Spline3d.h */,
				2AD3C0BF15DD543D00E92E45 /* Toroid.h */,
				2AD3C0C015DD543D00E92E45 /* TriFace3d.h */,
			);
			path = headers;
			sourceTree = "<group>";
		};
		2AD3C0C115DD543D00E92E45 /* src */ = {
			isa = PBXGroup;
			children = (
				2AD3C0C215DD543D00E92E45 /* Curve3d.cpp */,
				2AD3C0C315DD543D00E92E45 /* Cylinder.cpp */,
				2AD3C0C415DD543D00E92E45 /* ExtrudeObj.cpp */,
				2AD3C0C515DD543D00E92E45 /* Geom3d.cpp */,
				2AD3C0C615DD543D00E92E45 /* Point2d.cpp */,
				2AD3C0C715DD543D00E92E45 /* Point3d.cpp */,
				2AD3C0C815DD543D00E92E45 /* Rect2d.cpp */,
				2AD3C0CA15DD543D00E92E45 /* Spline3d.cpp */,
				2AD3C0CC15DD543D00E92E45 /* Toroid.cpp */,
				2AD3C0CD15DD543D00E92E45 /* TriFace3d.cpp */,
			);
			path = src;
			sourceTree = "<group>";
		};
		2AD3C0CE15DD543D00E92E45 /* image */ = {
			isa = PBXGroup;
			children = (
				2AD3C0CF15DD543D00E92E45 /* headers */,
				2AD3C0D015DD543D00E92E45 /* src */,
			);
			path = image;
			sourceTree = "<group>";
		};
		2AD3C0CF15DD543D00E92E45 /* headers */ = {
			isa = PBXGroup;
			children = (
			);
			path = headers;
			sourceTree = "<group>";
		};
		2AD3C0D015DD543D00E92E45 /* src */ = {
			isa = PBXGroup;
			children = (
			);
			path = src;
			sourceTree = "<group>";
		};
		2AD3C0D115DD543D00E92E45 /* io */ = {
			isa = PBXGroup;
			children = (
				2AD3C0D215DD543D00E92E45 /* headers */,
				2AD3C0D415DD543D00E92E45 /* src */,
			);
			path = io;
			sourceTree = "<group>";
		};
		2AD3C0D215DD543D00E92E45 /* headers */ = {
			isa = PBXGroup;
			children = (
			);
			path = headers;
			sourceTree = "<group>";
		};
		2AD3C0D415DD543D00E92E45 /* src */ = {
			isa = PBXGroup;
			children = (
			);
			path = src;
			sourceTree = "<group>";
		};
		2AD3C0D615DD543D00E92E45 /* math */ = {
			isa = PBXGroup;
			children = (
				2AD3C0D715DD543D00E92E45 /* headers */,
				2AD3C0DB15DD543D00E92E45 /* src */,
			);
			path = math;
			sourceTree = "<group>";
		};
		2AD3C0D715DD543D00E92E45 /* headers */ = {
			isa = PBXGroup;
			children = (
				2AD3C0D815DD543D00E92E45 /* Matrix4d.h */,
				2AD3C0D915DD543D00E92E45 /* Vector3df.h */,
				2AD3C0DA15DD543D00E92E45 /* Vector4df.h */,
			);
			path = headers;
			sourceTree = "<group>";
		};
		2AD3C0DB15DD543D00E92E45 /* src */ = {
			isa = PBXGroup;
			children = (
				2AD3C0DC15DD543D00E92E45 /* Matrix4d.cpp */,
				2AD3C0DD15DD543D00E92E45 /* Vector3df.cpp */,
				2AD3C0DE15DD543D00E92E45 /* Vector4df.cpp */,
			);
			path = src;
			sourceTree = "<group>";
		};
		2AD3C0DF15DD543D00E92E45 /* net */ = {
			isa = PBXGroup;
			children = (
				2AD3C0E015DD543D00E92E45 /* headers */,
				2AD3C0E415DD543D00E92E45 /* src */,
			);
			path = net;
			sourceTree = "<group>";
		};
		2AD3C0E015DD543D00E92E45 /* headers */ = {
			isa = PBXGroup;
			children = (
			);
			path = headers;
			sourceTree = "<group>";
		};
		2AD3C0E415DD543D00E92E45 /* src */ = {
			isa = PBXGroup;
			children = (
			);
			path = src;
			sourceTree = "<group>";
		};
		2AD3C0E815DD543D00E92E45 /* physics */ = {
			isa = PBXGroup;
			children = (
				2AD3C0E915DD543D00E92E45 /* headers */,
				2AD3C0F015DD543D00E92E45 /* src */,
			);
			path = physics;
			sourceTree = "<group>";
		};
		2AD3C0E915DD543D00E92E45 /* headers */ = {
			isa = PBXGroup;
			children = (
				2AD3C0EA15DD543D00E92E45 /* Emitter.h */,
				2AD3C0EB15DD543D00E92E45 /* Particle.h */,
				2AD3C0EC15DD543D00E92E45 /* VerletBall.h */,
				2AD3C0ED15DD543D00E92E45 /* VerletChain.h */,
				2AD3C0EE15DD543D00E92E45 /* VerletStick.h */,
				2AD3C0EF15DD543D00E92E45 /* VerletSurface.h */,
			);
			path = headers;
			sourceTree = "<group>";
		};
		2AD3C0F015DD543D00E92E45 /* src */ = {
			isa = PBXGroup;
			children = (
				2AD3C0F115DD543D00E92E45 /* Emitter.cpp */,
				2AD3C0F215DD543D00E92E45 /* Particle.cpp */,
				2AD3C0F315DD543D00E92E45 /* VerletBall.cpp */,
				2AD3C0F415DD543D00E92E45 /* VerletChain.cpp */,
				2AD3C0F515DD543D00E92E45 /* VerletStick.cpp */,
				2AD3C0F615DD543D00E92E45 /* VerletSurface.cpp */,
			);
			path = src;
			sourceTree = "<group>";
		};
		2AD3C0FA15DD543D00E92E45 /* utils */ = {
			isa = PBXGroup;
			children = (
				2AD3C0FB15DD543D00E92E45 /* headers */,
				2AD3C10215DD543D00E92E45 /* src */,
			);
			path = utils;
			sourceTree = "<group>";
		};
		2AD3C0FB15DD543D00E92E45 /* headers */ = {
			isa = PBXGroup;
			children = (
				2AD3C0FC15DD543D00E92E45 /* Dimension3d.h */,
				2AD3C0FD15DD543D00E92E45 /* ProtoSetup.h */,
				2AD3C0FE15DD543D00E92E45 /* ProtoUtils.h */,
				2AD3C0FF15DD543D00E92E45 /* Tuple2d.h */,
				2AD3C10015DD543D00E92E45 /* Tuple2df.h */,
				2AD3C10115DD543D00E92E45 /* Tuple3d.h */,
			);
			path = headers;
			sourceTree = "<group>";
		};
		2AD3C10215DD543D00E92E45 /* src */ = {
			isa = PBXGroup;
			children = (
				2AD3C10315DD543D00E92E45 /* Dimension3d.cpp */,
				2AD3C10415DD543D00E92E45 /* ProtoUtils.cpp */,
				2AD3C10515DD543D00E92E45 /* Tuple2d.cpp */,
				2AD3C10615DD543D00E92E45 /* Tuple2df.cpp */,
				2AD3C10715DD543D00E92E45 /* Tuple3d.cpp */,
			);
			path = src;
			sourceTree = "<group>";
		};
/* End PBXGroup section */

/* Begin PBXNativeTarget section */
		2A6B2B7615DD4EC7007E71BA /* Protobyte001 */ = {
			isa = PBXNativeTarget;
			buildConfigurationList = 2A6B2B9115DD4EC7007E71BA /* Build configuration list for PBXNativeTarget "Protobyte001" */;
			buildPhases = (
				2A6B2B7215DD4EC7007E71BA /* ShellScript */,
				2A6B2B7315DD4EC7007E71BA /* Sources */,
				2A6B2B7415DD4EC7007E71BA /* Frameworks */,
				2A6B2B7515DD4EC7007E71BA /* Resources */,
			);
			buildRules = (
			);
			dependencies = (
			);
			name = Protobyte001;
			productName = Protobyte001;
			productReference = 2A6B2B7715DD4EC7007E71BA /* Protobyte001.app */;
			productType = "com.apple.product-type.application";
		};
/* End PBXNativeTarget section */

/* Begin PBXProject section */
		2A6B2B6D15DD4EC7007E71BA /* Project object */ = {
			isa = PBXProject;
			attributes = {
				LastUpgradeCheck = 0430;
			};
			buildConfigurationList = 2A6B2B7015DD4EC7007E71BA /* Build configuration list for PBXProject "Protobyte001" */;
			compatibilityVersion = "Xcode 3.2";
			developmentRegion = English;
			hasScannedForEncodings = 0;
			knownRegions = (
				en,
			);
			mainGroup = 2A6B2B6B15DD4EC7007E71BA;
			productRefGroup = 2A6B2B7815DD4EC7007E71BA /* Products */;
			projectDirPath = "";
			projectRoot = "";
			targets = (
				2A6B2B7615DD4EC7007E71BA /* Protobyte001 */,
			);
		};
/* End PBXProject section */

/* Begin PBXResourcesBuildPhase section */
		2A6B2B7515DD4EC7007E71BA /* Resources */ = {
			isa = PBXResourcesBuildPhase;
			buildActionMask = 2147483647;
			files = (
				2A6B2B8515DD4EC7007E71BA /* sansation.ttf in Resources */,
				2A6B2B8715DD4EC7007E71BA /* cute_image.jpg in Resources */,
				2A6B2B8915DD4EC7007E71BA /* nice_music.ogg in Resources */,
				2A6B2B8E15DD4EC7007E71BA /* InfoPlist.strings in Resources */,
			);
			runOnlyForDeploymentPostprocessing = 0;
		};
/* End PBXResourcesBuildPhase section */

/* Begin PBXShellScriptBuildPhase section */
		2A6B2B7215DD4EC7007E71BA /* ShellScript */ = {
			isa = PBXShellScriptBuildPhase;
			buildActionMask = 2147483647;
			files = (
			);
			inputPaths = (
			);
			outputPaths = (
			);
			runOnlyForDeploymentPostprocessing = 0;
			shellPath = /bin/sh;
			shellScript = "# This shell script simply copies required sfml dylibs/frameworks into the application bundle frameworks folder.\n# If you're using static libraries (which is not recommended) you should remove this script from your project.\n\n# Are we building a project that uses framework or dylibs ?\nif [ $SFML_LINK_PREFIX = $SFML_LINK_FRAMEWORKS_PREFIX ]\nthen\n    frameworks=1\nelse\n    frameworks=0\nfi\n\nrequire () # $1 is a SFML module like 'system' or 'audio'\n{\n    dest=$BUILT_PRODUCTS_DIR/$PRODUCT_NAME.app/Contents/Frameworks\n    \n    if [ -z $1 ]\n    then\n        echo \"no parameter! ERROR!\"\n        exit\n    else\n        # clean potentially old stuff\n        rm -f $dest/libsfml-$1.2.dylib\n        rm -f $dest/libsfml-$1-d.2.dylib\n        rm -fr $dest/sfml-$1.framework\n    \n        # copy SFML libraries\n        if [ $frameworks ]\n        then\n            ditto \"/Library/Frameworks/sfml-$1.framework\" \"$dest/sfml-$1.framework\"\n        elif [ $CONFIGURATION = \"Debug\" ]\n        then\n            ditto \"/usr/local/lib/libsfml-$1-d.2.dylib\" \"$dest/libsfml-$1-d.2.dylib\"\n        else\n            ditto \"/usr/local/lib/libsfml-$1.2.dylib\" \"$dest/libsfml-$1.2.dylib\"\n        fi\n        \n        if [ $1 = \"audio\" ]\n        then\n            # copy sndfile framework too\n            ditto \"/Library/Frameworks/sndfile.framework\" \"$dest/sndfile.framework\"\n        fi\n    fi\n}\n\nif [ -n \"$SFML_SYSTEM\" ]\nthen\n    require \"system\"\nfi\n\nif [ -n \"$SFML_AUDIO\" ]\nthen\n    require \"audio\"\nfi\n\nif [ -n \"$SFML_NETWORK\" ]\nthen\n    require \"network\"\nfi\n\nif [ -n \"$SFML_WINDOW\" ]\nthen\n    require \"window\"\nfi\n\nif [ -n \"$SFML_GRAPHICS\" ]\nthen\n    require \"graphics\"\nfi\n\t\t\t\t\t";
		};
/* End PBXShellScriptBuildPhase section */

/* Begin PBXSourcesBuildPhase section */
		2A6B2B7315DD4EC7007E71BA /* Sources */ = {
			isa = PBXSourcesBuildPhase;
			buildActionMask = 2147483647;
			files = (
				2A6B2B7F15DD4EC7007E71BA /* main.cpp in Sources */,
				2A6B2B8115DD4EC7007E71BA /* ResourcePath.mm in Sources */,
				2AD3C10815DD543D00E92E45 /* Curve3d.cpp in Sources */,
				2AD3C10915DD543D00E92E45 /* Cylinder.cpp in Sources */,
				2AD3C10A15DD543D00E92E45 /* ExtrudeObj.cpp in Sources */,
				2AD3C10B15DD543D00E92E45 /* Geom3d.cpp in Sources */,
				2AD3C10C15DD543D00E92E45 /* Point2d.cpp in Sources */,
				2AD3C10D15DD543D00E92E45 /* Point3d.cpp in Sources */,
				2AD3C10E15DD543D00E92E45 /* Rect2d.cpp in Sources */,
				2AD3C11015DD543D00E92E45 /* Spline3d.cpp in Sources */,
				2AD3C11215DD543D00E92E45 /* Toroid.cpp in Sources */,
				2AD3C11315DD543D00E92E45 /* TriFace3d.cpp in Sources */,
				2AD3C11515DD543D00E92E45 /* Matrix4d.cpp in Sources */,
				2AD3C11615DD543D00E92E45 /* Vector3df.cpp in Sources */,
				2AD3C11715DD543D00E92E45 /* Vector4df.cpp in Sources */,
				2AD3C11B15DD543D00E92E45 /* Emitter.cpp in Sources */,
				2AD3C11C15DD543D00E92E45 /* Particle.cpp in Sources */,
				2AD3C11D15DD543D00E92E45 /* VerletBall.cpp in Sources */,
				2AD3C11E15DD543D00E92E45 /* VerletChain.cpp in Sources */,
				2AD3C11F15DD543D00E92E45 /* VerletStick.cpp in Sources */,
				2AD3C12015DD543D00E92E45 /* VerletSurface.cpp in Sources */,
				2AD3C12315DD543D00E92E45 /* Dimension3d.cpp in Sources */,
				2AD3C12415DD543D00E92E45 /* ProtoUtils.cpp in Sources */,
				2AD3C12515DD543D00E92E45 /* Tuple2d.cpp in Sources */,
				2AD3C12615DD543D00E92E45 /* Tuple2df.cpp in Sources */,
				2AD3C12715DD543D00E92E45 /* Tuple3d.cpp in Sources */,
			);
			runOnlyForDeploymentPostprocessing = 0;
		};
/* End PBXSourcesBuildPhase section */

/* Begin PBXVariantGroup section */
		2A6B2B8C15DD4EC7007E71BA /* InfoPlist.strings */ = {
			isa = PBXVariantGroup;
			children = (
				2A6B2B8D15DD4EC7007E71BA /* en */,
			);
			name = InfoPlist.strings;
			sourceTree = "<group>";
		};
/* End PBXVariantGroup section */

/* Begin XCBuildConfiguration section */
		2A6B2B8F15DD4EC7007E71BA /* Debug */ = {
			isa = XCBuildConfiguration;
			buildSettings = {
				ALWAYS_SEARCH_USER_PATHS = NO;
				ARCHS = "$(ARCHS_STANDARD_64_BIT)";
				CLANG_ENABLE_OBJC_ARC = "";
				COPY_PHASE_STRIP = NO;
				GCC_C_LANGUAGE_STANDARD = gnu99;
				GCC_DYNAMIC_NO_PIC = NO;
				GCC_ENABLE_OBJC_EXCEPTIONS = YES;
				GCC_ENABLE_OBJC_GC = unsupported;
				GCC_OPTIMIZATION_LEVEL = 0;
				GCC_PREPROCESSOR_DEFINITIONS = (
					"DEBUG=1",
					"$(inherited)",
				);
				GCC_SYMBOLS_PRIVATE_EXTERN = NO;
				GCC_VERSION = com.apple.compilers.llvm.clang.1_0;
				GCC_WARN_64_TO_32_BIT_CONVERSION = YES;
				GCC_WARN_ABOUT_RETURN_TYPE = YES;
				GCC_WARN_UNINITIALIZED_AUTOS = YES;
				GCC_WARN_UNUSED_VARIABLE = YES;
				HEADER_SEARCH_PATHS = "$(HEADER_SEARCH_PATHS)";
				MACOSX_DEPLOYMENT_TARGET = 10.7;
				ONLY_ACTIVE_ARCH = YES;
				OTHER_LDFLAGS = (
					"$(OTHER_LDFLAGS)",
					"$(SFML_SYSTEM)",
					"$(SFML_WINDOW)",
					"$(SFML_GRAPHICS)",
					"$(SFML_AUDIO)",
					"$(SFML_NETWORK)",
				);
				PRODUCT_NAME = "$(TARGET_NAME)";
				SDKROOT = macosx;
				SFML_AUDIO = "$(SFML_LINK_PREFIX)sfml-audio$(SFML_LINK_SUFFIX)";
				SFML_GRAPHICS = "$(SFML_LINK_PREFIX)sfml-graphics$(SFML_LINK_SUFFIX)";
				SFML_LINK_DYLIBS_PREFIX = "-l";
				SFML_LINK_DYLIBS_SUFFIX = "-d";
				SFML_LINK_FRAMEWORKS_PREFIX = "-framework ";
				SFML_LINK_FRAMEWORKS_SUFFIX = "";
				SFML_LINK_PREFIX = "$(SFML_LINK_FRAMEWORKS_PREFIX)";
				SFML_LINK_SUFFIX = "$(SFML_LINK_FRAMEWORKS_SUFFIX)";
				SFML_NETWORK = "$(SFML_LINK_PREFIX)sfml-network$(SFML_LINK_SUFFIX)";
				SFML_SYSTEM = "$(SFML_LINK_PREFIX)sfml-system$(SFML_LINK_SUFFIX)";
				SFML_WINDOW = "$(SFML_LINK_PREFIX)sfml-window$(SFML_LINK_SUFFIX)";
			};
			name = Debug;
		};
		2A6B2B9015DD4EC7007E71BA /* Release */ = {
			isa = XCBuildConfiguration;
			buildSettings = {
				ALWAYS_SEARCH_USER_PATHS = NO;
				ARCHS = "$(ARCHS_STANDARD_64_BIT)";
				CLANG_ENABLE_OBJC_ARC = "";
				COPY_PHASE_STRIP = YES;
				DEBUG_INFORMATION_FORMAT = "dwarf-with-dsym";
				GCC_C_LANGUAGE_STANDARD = gnu99;
				GCC_ENABLE_OBJC_EXCEPTIONS = YES;
				GCC_ENABLE_OBJC_GC = unsupported;
				GCC_VERSION = com.apple.compilers.llvm.clang.1_0;
				GCC_WARN_64_TO_32_BIT_CONVERSION = YES;
				GCC_WARN_ABOUT_RETURN_TYPE = YES;
				GCC_WARN_UNINITIALIZED_AUTOS = YES;
				GCC_WARN_UNUSED_VARIABLE = YES;
				HEADER_SEARCH_PATHS = "$(HEADER_SEARCH_PATHS)";
				MACOSX_DEPLOYMENT_TARGET = 10.7;
				OTHER_LDFLAGS = (
					"$(OTHER_LDFLAGS)",
					"$(SFML_SYSTEM)",
					"$(SFML_WINDOW)",
					"$(SFML_GRAPHICS)",
					"$(SFML_AUDIO)",
					"$(SFML_NETWORK)",
				);
				PRODUCT_NAME = "$(TARGET_NAME)";
				SDKROOT = macosx;
				SFML_AUDIO = "$(SFML_LINK_PREFIX)sfml-audio$(SFML_LINK_SUFFIX)";
				SFML_GRAPHICS = "$(SFML_LINK_PREFIX)sfml-graphics$(SFML_LINK_SUFFIX)";
				SFML_LINK_DYLIBS_PREFIX = "-l";
				SFML_LINK_DYLIBS_SUFFIX = "";
				SFML_LINK_FRAMEWORKS_PREFIX = "-framework ";
				SFML_LINK_FRAMEWORKS_SUFFIX = "";
				SFML_LINK_PREFIX = "$(SFML_LINK_FRAMEWORKS_PREFIX)";
				SFML_LINK_SUFFIX = "$(SFML_LINK_FRAMEWORKS_SUFFIX)";
				SFML_NETWORK = "$(SFML_LINK_PREFIX)sfml-network$(SFML_LINK_SUFFIX)";
				SFML_SYSTEM = "$(SFML_LINK_PREFIX)sfml-system$(SFML_LINK_SUFFIX)";
				SFML_WINDOW = "$(SFML_LINK_PREFIX)sfml-window$(SFML_LINK_SUFFIX)";
			};
			name = Release;
		};
		2A6B2B9215DD4EC7007E71BA /* Debug */ = {
			isa = XCBuildConfiguration;
			buildSettings = {
				COPY_PHASE_STRIP = NO;
				GCC_DYNAMIC_NO_PIC = NO;
				GCC_PRECOMPILE_PREFIX_HEADER = NO;
				GCC_PREFIX_HEADER = "";
				INFOPLIST_FILE = "Protobyte001/Protobyte001-Info.plist";
				PRODUCT_NAME = "$(TARGET_NAME)";
				WRAPPER_EXTENSION = app;
			};
			name = Debug;
		};
		2A6B2B9315DD4EC7007E71BA /* Release */ = {
			isa = XCBuildConfiguration;
			buildSettings = {
				COPY_PHASE_STRIP = YES;
				GCC_PRECOMPILE_PREFIX_HEADER = NO;
				GCC_PREFIX_HEADER = "";
				INFOPLIST_FILE = "Protobyte001/Protobyte001-Info.plist";
				PRODUCT_NAME = "$(TARGET_NAME)";
				WRAPPER_EXTENSION = app;
			};
			name = Release;
		};
/* End XCBuildConfiguration section */

/* Begin XCConfigurationList section */
		2A6B2B7015DD4EC7007E71BA /* Build configuration list for PBXProject "Protobyte001" */ = {
			isa = XCConfigurationList;
			buildConfigurations = (
				2A6B2B8F15DD4EC7007E71BA /* Debug */,
				2A6B2B9015DD4EC7007E71BA /* Release */,
			);
			defaultConfigurationIsVisible = 0;
			defaultConfigurationName = Release;
		};
		2A6B2B9115DD4EC7007E71BA /* Build configuration list for PBXNativeTarget "Protobyte001" */ = {
			isa = XCConfigurationList;
			buildConfigurations = (
				2A6B2B9215DD4EC7007E71BA /* Debug */,
				2A6B2B9315DD4EC7007E71BA /* Release */,
			);
			defaultConfigurationIsVisible = 0;
			defaultConfigurationName = Release;
		};
/* End XCConfigurationList section */
	};
	rootObject = 2A6B2B6D15DD4EC7007E71BA /* Project object */;
}
